
Microsoft Visual Studio Solution File, Format Version 12.00
# Visual Studio Version 17
VisualStudioVersion = 17.1.32407.343
MinimumVisualStudioVersion = 10.0.40219.1
Project("{FAE04EC0-301F-11D3-BF4B-00C04F79EFBC}") = "Swin-Adventure", "Swin-Adventure\Swin-Adventure.csproj", "{3018B60D-0F29-4036-834D-25BB3D2C92B8}"
EndProject
Project("{FAE04EC0-301F-11D3-BF4B-00C04F79EFBC}") = "Tests", "Tests\Tests.csproj", "{3C597E7E-DBBF-4F80-89D2-C8013A5272B2}"
EndProject
Global
	GlobalSection(SolutionConfigurationPlatforms) = preSolution
		Debug|Any CPU = Debug|Any CPU
		Release|Any CPU = Release|Any CPU
	EndGlobalSection
	GlobalSection(ProjectConfigurationPlatforms) = postSolution
		{3018B60D-0F29-4036-834D-25BB3D2C92B8}.Debug|Any CPU.ActiveCfg = Debug|Any CPU
		{3018B60D-0F29-4036-834D-25BB3D2C92B8}.Debug|Any CPU.Build.0 = Debug|Any CPU
		{3018B60D-0F29-4036-834D-25BB3D2C92B8}.Release|Any CPU.ActiveCfg = Release|Any CPU
		{3018B60D-0F29-4036-834D-25BB3D2C92B8}.Release|Any CPU.Build.0 = Release|Any CPU
		{3C597E7E-DBBF-4F80-89D2-C8013A5272B2}.Debug|Any CPU.ActiveCfg = Debug|Any CPU
		{3C597E7E-DBBF-4F80-89D2-C8013A5272B2}.Debug|Any CPU.Build.0 = Debug|Any CPU
		{3C597E7E-DBBF-4F80-89D2-C8013A5272B2}.Release|Any CPU.ActiveCfg = Release|Any CPU
		{3C597E7E-DBBF-4F80-89D2-C8013A5272B2}.Release|Any CPU.Build.0 = Release|Any CPU
	EndGlobalSection
	GlobalSection(SolutionProperties) = preSolution
		HideSolutionNode = FALSE
	EndGlobalSection
	GlobalSection(ExtensibilityGlobals) = postSolution
		SolutionGuid = {95902E6E-858F-4FEB-AD2D-90D8EAAA673D}
	EndGlobalSection
EndGlobal
