
Microsoft Visual Studio Solution File, Format Version 12.00
# Visual Studio Version 17
VisualStudioVersion = 17.1.32407.343
MinimumVisualStudioVersion = 10.0.40219.1
Project("{9A19103F-16F7-4668-BE54-9A1E7A4F7556}") = "CounterTask", "CounterTask\CounterTask.csproj", "{C51F7812-4594-4286-AAB6-557D6BFD7DB1}"
EndProject
Project("{FAE04EC0-301F-11D3-BF4B-00C04F79EFBC}") = "TestCounterTask", "TestCounterTask\TestCounterTask.csproj", "{EFF25A74-5BCD-4768-8220-39BB4834E715}"
EndProject
Global
	GlobalSection(SolutionConfigurationPlatforms) = preSolution
		Debug|Any CPU = Debug|Any CPU
		Release|Any CPU = Release|Any CPU
	EndGlobalSection
	GlobalSection(ProjectConfigurationPlatforms) = postSolution
		{C51F7812-4594-4286-AAB6-557D6BFD7DB1}.Debug|Any CPU.ActiveCfg = Debug|Any CPU
		{C51F7812-4594-4286-AAB6-557D6BFD7DB1}.Debug|Any CPU.Build.0 = Debug|Any CPU
		{C51F7812-4594-4286-AAB6-557D6BFD7DB1}.Release|Any CPU.ActiveCfg = Release|Any CPU
		{C51F7812-4594-4286-AAB6-557D6BFD7DB1}.Release|Any CPU.Build.0 = Release|Any CPU
		{EFF25A74-5BCD-4768-8220-39BB4834E715}.Debug|Any CPU.ActiveCfg = Debug|Any CPU
		{EFF25A74-5BCD-4768-8220-39BB4834E715}.Debug|Any CPU.Build.0 = Debug|Any CPU
		{EFF25A74-5BCD-4768-8220-39BB4834E715}.Release|Any CPU.ActiveCfg = Release|Any CPU
		{EFF25A74-5BCD-4768-8220-39BB4834E715}.Release|Any CPU.Build.0 = Release|Any CPU
	EndGlobalSection
	GlobalSection(SolutionProperties) = preSolution
		HideSolutionNode = FALSE
	EndGlobalSection
	GlobalSection(ExtensibilityGlobals) = postSolution
		SolutionGuid = {51E44D48-4EED-4AB2-B432-C69CEE3E7488}
	EndGlobalSection
EndGlobal
