
Microsoft Visual Studio Solution File, Format Version 12.00
# Visual Studio Version 17
VisualStudioVersion = 17.1.32407.343
MinimumVisualStudioVersion = 10.0.40219.1
Project("{9A19103F-16F7-4668-BE54-9A1E7A4F7556}") = "ShapeDrawer", "ShapeDrawer.csproj", "{14D35A7F-602B-4CF0-9649-3AE5C887770A}"
EndProject
Global
	GlobalSection(SolutionConfigurationPlatforms) = preSolution
		Debug|Any CPU = Debug|Any CPU
		Release|Any CPU = Release|Any CPU
	EndGlobalSection
	GlobalSection(ProjectConfigurationPlatforms) = postSolution
		{14D35A7F-602B-4CF0-9649-3AE5C887770A}.Debug|Any CPU.ActiveCfg = Debug|Any CPU
		{14D35A7F-602B-4CF0-9649-3AE5C887770A}.Debug|Any CPU.Build.0 = Debug|Any CPU
		{14D35A7F-602B-4CF0-9649-3AE5C887770A}.Release|Any CPU.ActiveCfg = Release|Any CPU
		{14D35A7F-602B-4CF0-9649-3AE5C887770A}.Release|Any CPU.Build.0 = Release|Any CPU
	EndGlobalSection
	GlobalSection(SolutionProperties) = preSolution
		HideSolutionNode = FALSE
	EndGlobalSection
	GlobalSection(ExtensibilityGlobals) = postSolution
		SolutionGuid = {DC24703D-1B75-4FFF-A7BF-F1D63F468B58}
	EndGlobalSection
EndGlobal
